
Microsoft Visual Studio Solution File, Format Version 12.00
# Visual Studio 15
VisualStudioVersion = 15.0.27520.0
MinimumVisualStudioVersion = 10.0.40219.1
Project("{FAE04EC0-301F-11D3-BF4B-00C04F79EFBC}") = "service-bus-testing", "service-bus-testing\service-bus-testing.csproj", "{8E3CFF9C-179F-4F8C-8575-D3188357EC1C}"
EndProject
Global
	GlobalSection(SolutionConfigurationPlatforms) = preSolution
		Debug|Any CPU = Debug|Any CPU
		Release|Any CPU = Release|Any CPU
	EndGlobalSection
	GlobalSection(ProjectConfigurationPlatforms) = postSolution
		{8E3CFF9C-179F-4F8C-8575-D3188357EC1C}.Debug|Any CPU.ActiveCfg = Debug|Any CPU
		{8E3CFF9C-179F-4F8C-8575-D3188357EC1C}.Debug|Any CPU.Build.0 = Debug|Any CPU
		{8E3CFF9C-179F-4F8C-8575-D3188357EC1C}.Release|Any CPU.ActiveCfg = Release|Any CPU
		{8E3CFF9C-179F-4F8C-8575-D3188357EC1C}.Release|Any CPU.Build.0 = Release|Any CPU
	EndGlobalSection
	GlobalSection(SolutionProperties) = preSolution
		HideSolutionNode = FALSE
	EndGlobalSection
	GlobalSection(ExtensibilityGlobals) = postSolution
		SolutionGuid = {E2520A73-3FE2-4AAD-A71A-DB832F4374C1}
	EndGlobalSection
EndGlobal
